
Microsoft Visual Studio Solution File, Format Version 12.00
# Visual Studio Version 16
VisualStudioVersion = 16.0.29201.188
MinimumVisualStudioVersion = 10.0.40219.1
Project("{9A19103F-16F7-4668-BE54-9A1E7A4F7556}") = "BlueBerry.Core", "BlueBerry.Core\BlueBerry.Core.csproj", "{968DD165-0D89-4663-80DA-104037218C2F}"
EndProject
Project("{2150E333-8FDC-42A3-9474-1A3956D46DE8}") = "Solution Items", "Solution Items", "{A50CE553-3370-4403-8A64-51DAC1D56EE3}"
	ProjectSection(SolutionItems) = preProject
		.editorconfig = .editorconfig
	EndProjectSection
EndProject
Project("{FAE04EC0-301F-11D3-BF4B-00C04F79EFBC}") = "Blueberry.AndroidApp.Android", "Blueberry.AndroidApp\Blueberry.AndroidApp.Android\Blueberry.AndroidApp.Android.csproj", "{8C5C9154-56AD-4DDC-A357-70506399547C}"
EndProject
Project("{FAE04EC0-301F-11D3-BF4B-00C04F79EFBC}") = "Blueberry.AndroidApp.iOS", "Blueberry.AndroidApp\Blueberry.AndroidApp.iOS\Blueberry.AndroidApp.iOS.csproj", "{E5D793EA-A52B-4D79-8430-9D98668B5B51}"
EndProject
Project("{FAE04EC0-301F-11D3-BF4B-00C04F79EFBC}") = "Blueberry.AndroidApp", "Blueberry.AndroidApp\Blueberry.AndroidApp\Blueberry.AndroidApp.csproj", "{6AFE2584-5514-419E-90DC-C1FA9060209F}"
EndProject
Global
	GlobalSection(SolutionConfigurationPlatforms) = preSolution
		Debug|Any CPU = Debug|Any CPU
		Debug|iPhone = Debug|iPhone
		Debug|iPhoneSimulator = Debug|iPhoneSimulator
		Release|Any CPU = Release|Any CPU
		Release|iPhone = Release|iPhone
		Release|iPhoneSimulator = Release|iPhoneSimulator
	EndGlobalSection
	GlobalSection(ProjectConfigurationPlatforms) = postSolution
		{968DD165-0D89-4663-80DA-104037218C2F}.Debug|Any CPU.ActiveCfg = Debug|Any CPU
		{968DD165-0D89-4663-80DA-104037218C2F}.Debug|Any CPU.Build.0 = Debug|Any CPU
		{968DD165-0D89-4663-80DA-104037218C2F}.Debug|iPhone.ActiveCfg = Debug|Any CPU
		{968DD165-0D89-4663-80DA-104037218C2F}.Debug|iPhone.Build.0 = Debug|Any CPU
		{968DD165-0D89-4663-80DA-104037218C2F}.Debug|iPhoneSimulator.ActiveCfg = Debug|Any CPU
		{968DD165-0D89-4663-80DA-104037218C2F}.Debug|iPhoneSimulator.Build.0 = Debug|Any CPU
		{968DD165-0D89-4663-80DA-104037218C2F}.Release|Any CPU.ActiveCfg = Release|Any CPU
		{968DD165-0D89-4663-80DA-104037218C2F}.Release|Any CPU.Build.0 = Release|Any CPU
		{968DD165-0D89-4663-80DA-104037218C2F}.Release|iPhone.ActiveCfg = Release|Any CPU
		{968DD165-0D89-4663-80DA-104037218C2F}.Release|iPhone.Build.0 = Release|Any CPU
		{968DD165-0D89-4663-80DA-104037218C2F}.Release|iPhoneSimulator.ActiveCfg = Release|Any CPU
		{968DD165-0D89-4663-80DA-104037218C2F}.Release|iPhoneSimulator.Build.0 = Release|Any CPU
		{8C5C9154-56AD-4DDC-A357-70506399547C}.Debug|Any CPU.ActiveCfg = Debug|Any CPU
		{8C5C9154-56AD-4DDC-A357-70506399547C}.Debug|Any CPU.Build.0 = Debug|Any CPU
		{8C5C9154-56AD-4DDC-A357-70506399547C}.Debug|Any CPU.Deploy.0 = Debug|Any CPU
		{8C5C9154-56AD-4DDC-A357-70506399547C}.Debug|iPhone.ActiveCfg = Debug|Any CPU
		{8C5C9154-56AD-4DDC-A357-70506399547C}.Debug|iPhone.Build.0 = Debug|Any CPU
		{8C5C9154-56AD-4DDC-A357-70506399547C}.Debug|iPhone.Deploy.0 = Debug|Any CPU
		{8C5C9154-56AD-4DDC-A357-70506399547C}.Debug|iPhoneSimulator.ActiveCfg = Debug|Any CPU
		{8C5C9154-56AD-4DDC-A357-70506399547C}.Debug|iPhoneSimulator.Build.0 = Debug|Any CPU
		{8C5C9154-56AD-4DDC-A357-70506399547C}.Debug|iPhoneSimulator.Deploy.0 = Debug|Any CPU
		{8C5C9154-56AD-4DDC-A357-70506399547C}.Release|Any CPU.ActiveCfg = Release|Any CPU
		{8C5C9154-56AD-4DDC-A357-70506399547C}.Release|Any CPU.Build.0 = Release|Any CPU
		{8C5C9154-56AD-4DDC-A357-70506399547C}.Release|Any CPU.Deploy.0 = Release|Any CPU
		{8C5C9154-56AD-4DDC-A357-70506399547C}.Release|iPhone.ActiveCfg = Release|Any CPU
		{8C5C9154-56AD-4DDC-A357-70506399547C}.Release|iPhone.Build.0 = Release|Any CPU
		{8C5C9154-56AD-4DDC-A357-70506399547C}.Release|iPhone.Deploy.0 = Release|Any CPU
		{8C5C9154-56AD-4DDC-A357-70506399547C}.Release|iPhoneSimulator.ActiveCfg = Release|Any CPU
		{8C5C9154-56AD-4DDC-A357-70506399547C}.Release|iPhoneSimulator.Build.0 = Release|Any CPU
		{8C5C9154-56AD-4DDC-A357-70506399547C}.Release|iPhoneSimulator.Deploy.0 = Release|Any CPU
		{E5D793EA-A52B-4D79-8430-9D98668B5B51}.Debug|Any CPU.ActiveCfg = Debug|iPhone
		{E5D793EA-A52B-4D79-8430-9D98668B5B51}.Debug|iPhone.ActiveCfg = Debug|iPhone
		{E5D793EA-A52B-4D79-8430-9D98668B5B51}.Debug|iPhone.Build.0 = Debug|iPhone
		{E5D793EA-A52B-4D79-8430-9D98668B5B51}.Debug|iPhoneSimulator.ActiveCfg = Debug|iPhoneSimulator
		{E5D793EA-A52B-4D79-8430-9D98668B5B51}.Debug|iPhoneSimulator.Build.0 = Debug|iPhoneSimulator
		{E5D793EA-A52B-4D79-8430-9D98668B5B51}.Release|Any CPU.ActiveCfg = Release|iPhone
		{E5D793EA-A52B-4D79-8430-9D98668B5B51}.Release|iPhone.ActiveCfg = Release|iPhone
		{E5D793EA-A52B-4D79-8430-9D98668B5B51}.Release|iPhone.Build.0 = Release|iPhone
		{E5D793EA-A52B-4D79-8430-9D98668B5B51}.Release|iPhoneSimulator.ActiveCfg = Release|iPhoneSimulator
		{E5D793EA-A52B-4D79-8430-9D98668B5B51}.Release|iPhoneSimulator.Build.0 = Release|iPhoneSimulator
		{6AFE2584-5514-419E-90DC-C1FA9060209F}.Debug|Any CPU.ActiveCfg = Debug|Any CPU
		{6AFE2584-5514-419E-90DC-C1FA9060209F}.Debug|Any CPU.Build.0 = Debug|Any CPU
		{6AFE2584-5514-419E-90DC-C1FA9060209F}.Debug|iPhone.ActiveCfg = Debug|Any CPU
		{6AFE2584-5514-419E-90DC-C1FA9060209F}.Debug|iPhone.Build.0 = Debug|Any CPU
		{6AFE2584-5514-419E-90DC-C1FA9060209F}.Debug|iPhoneSimulator.ActiveCfg = Debug|Any CPU
		{6AFE2584-5514-419E-90DC-C1FA9060209F}.Debug|iPhoneSimulator.Build.0 = Debug|Any CPU
		{6AFE2584-5514-419E-90DC-C1FA9060209F}.Release|Any CPU.ActiveCfg = Release|Any CPU
		{6AFE2584-5514-419E-90DC-C1FA9060209F}.Release|Any CPU.Build.0 = Release|Any CPU
		{6AFE2584-5514-419E-90DC-C1FA9060209F}.Release|iPhone.ActiveCfg = Release|Any CPU
		{6AFE2584-5514-419E-90DC-C1FA9060209F}.Release|iPhone.Build.0 = Release|Any CPU
		{6AFE2584-5514-419E-90DC-C1FA9060209F}.Release|iPhoneSimulator.ActiveCfg = Release|Any CPU
		{6AFE2584-5514-419E-90DC-C1FA9060209F}.Release|iPhoneSimulator.Build.0 = Release|Any CPU
	EndGlobalSection
	GlobalSection(SolutionProperties) = preSolution
		HideSolutionNode = FALSE
	EndGlobalSection
	GlobalSection(ExtensibilityGlobals) = postSolution
		SolutionGuid = {13E736C9-FC31-4D1E-BC4B-AE7A9A26DE7E}
	EndGlobalSection
EndGlobal
