
Microsoft Visual Studio Solution File, Format Version 12.00
# Visual Studio Version 16
VisualStudioVersion = 16.0.29201.188
MinimumVisualStudioVersion = 10.0.40219.1
Project("{9A19103F-16F7-4668-BE54-9A1E7A4F7556}") = "BlueBerry.Core", "BlueBerry.Core\BlueBerry.Core.csproj", "{968DD165-0D89-4663-80DA-104037218C2F}"
EndProject
Project("{2150E333-8FDC-42A3-9474-1A3956D46DE8}") = "Solution Items", "Solution Items", "{A50CE553-3370-4403-8A64-51DAC1D56EE3}"
	ProjectSection(SolutionItems) = preProject
		.editorconfig = .editorconfig
	EndProjectSection
EndProject
Project("{FAE04EC0-301F-11D3-BF4B-00C04F79EFBC}") = "Blueberry.Mobile.Android", "Blueberry.Mobile\Blueberry.Mobile.Android\Blueberry.Mobile.Android.csproj", "{168662E1-79B1-4D7F-91CC-6D05A4260F10}"
EndProject
Project("{FAE04EC0-301F-11D3-BF4B-00C04F79EFBC}") = "Blueberry.Mobile.iOS", "Blueberry.Mobile\Blueberry.Mobile.iOS\Blueberry.Mobile.iOS.csproj", "{37B616ED-0991-46A5-B883-140FA05CC2C7}"
EndProject
Project("{9A19103F-16F7-4668-BE54-9A1E7A4F7556}") = "Blueberry.Mobile", "Blueberry.Mobile\Blueberry.Mobile\Blueberry.Mobile.csproj", "{7F9A97EA-6823-4E2B-807C-A0F7D9CBA66C}"
EndProject
Project("{9A19103F-16F7-4668-BE54-9A1E7A4F7556}") = "Blueberry.Desktop.WindowsApp", "Blueberry.Desktop.WindowsApp\Blueberry.Desktop.WindowsApp.csproj", "{FC6D0E3B-0FCA-4A04-81A6-D8CAE99D580E}"
EndProject
Project("{2150E333-8FDC-42A3-9474-1A3956D46DE8}") = "Mobile", "Mobile", "{7A4273B1-2DD4-45BE-8556-9422C168709F}"
EndProject
Project("{2150E333-8FDC-42A3-9474-1A3956D46DE8}") = "Desktop", "Desktop", "{C7948C2C-9818-4097-8AE7-9CAC4391A6CE}"
EndProject
Project("{2150E333-8FDC-42A3-9474-1A3956D46DE8}") = "Core", "Core", "{F39E3CC3-CFCF-4A55-B5C9-B8A3EDD8FFA2}"
EndProject
Project("{FAE04EC0-301F-11D3-BF4B-00C04F79EFBC}") = "Blueberry.Dekstop.WindowsApp.Bluetooth", "Blueberry.Dekstop.WindowsApp.Bluetooth\Blueberry.Dekstop.WindowsApp.Bluetooth.csproj", "{D0B9EEE3-3EAB-45E2-BA20-C2554340211F}"
EndProject
Project("{FAE04EC0-301F-11D3-BF4B-00C04F79EFBC}") = "Blueberry.Desktop.ConsolePlayground", "Blueberry.Desktop.ConsolePlayground\Blueberry.Desktop.ConsolePlayground.csproj", "{DA0623BA-F1F7-4FEF-AE92-5017D2CFB68F}"
EndProject
Global
	GlobalSection(SolutionConfigurationPlatforms) = preSolution
		Debug|Any CPU = Debug|Any CPU
		Debug|iPhone = Debug|iPhone
		Debug|iPhoneSimulator = Debug|iPhoneSimulator
		Release|Any CPU = Release|Any CPU
		Release|iPhone = Release|iPhone
		Release|iPhoneSimulator = Release|iPhoneSimulator
	EndGlobalSection
	GlobalSection(ProjectConfigurationPlatforms) = postSolution
		{968DD165-0D89-4663-80DA-104037218C2F}.Debug|Any CPU.ActiveCfg = Debug|Any CPU
		{968DD165-0D89-4663-80DA-104037218C2F}.Debug|Any CPU.Build.0 = Debug|Any CPU
		{968DD165-0D89-4663-80DA-104037218C2F}.Debug|iPhone.ActiveCfg = Debug|Any CPU
		{968DD165-0D89-4663-80DA-104037218C2F}.Debug|iPhone.Build.0 = Debug|Any CPU
		{968DD165-0D89-4663-80DA-104037218C2F}.Debug|iPhoneSimulator.ActiveCfg = Debug|Any CPU
		{968DD165-0D89-4663-80DA-104037218C2F}.Debug|iPhoneSimulator.Build.0 = Debug|Any CPU
		{968DD165-0D89-4663-80DA-104037218C2F}.Release|Any CPU.ActiveCfg = Release|Any CPU
		{968DD165-0D89-4663-80DA-104037218C2F}.Release|Any CPU.Build.0 = Release|Any CPU
		{968DD165-0D89-4663-80DA-104037218C2F}.Release|iPhone.ActiveCfg = Release|Any CPU
		{968DD165-0D89-4663-80DA-104037218C2F}.Release|iPhone.Build.0 = Release|Any CPU
		{968DD165-0D89-4663-80DA-104037218C2F}.Release|iPhoneSimulator.ActiveCfg = Release|Any CPU
		{968DD165-0D89-4663-80DA-104037218C2F}.Release|iPhoneSimulator.Build.0 = Release|Any CPU
		{168662E1-79B1-4D7F-91CC-6D05A4260F10}.Debug|Any CPU.ActiveCfg = Debug|Any CPU
		{168662E1-79B1-4D7F-91CC-6D05A4260F10}.Debug|Any CPU.Build.0 = Debug|Any CPU
		{168662E1-79B1-4D7F-91CC-6D05A4260F10}.Debug|Any CPU.Deploy.0 = Debug|Any CPU
		{168662E1-79B1-4D7F-91CC-6D05A4260F10}.Debug|iPhone.ActiveCfg = Debug|Any CPU
		{168662E1-79B1-4D7F-91CC-6D05A4260F10}.Debug|iPhone.Build.0 = Debug|Any CPU
		{168662E1-79B1-4D7F-91CC-6D05A4260F10}.Debug|iPhone.Deploy.0 = Debug|Any CPU
		{168662E1-79B1-4D7F-91CC-6D05A4260F10}.Debug|iPhoneSimulator.ActiveCfg = Debug|Any CPU
		{168662E1-79B1-4D7F-91CC-6D05A4260F10}.Debug|iPhoneSimulator.Build.0 = Debug|Any CPU
		{168662E1-79B1-4D7F-91CC-6D05A4260F10}.Debug|iPhoneSimulator.Deploy.0 = Debug|Any CPU
		{168662E1-79B1-4D7F-91CC-6D05A4260F10}.Release|Any CPU.ActiveCfg = Release|Any CPU
		{168662E1-79B1-4D7F-91CC-6D05A4260F10}.Release|Any CPU.Build.0 = Release|Any CPU
		{168662E1-79B1-4D7F-91CC-6D05A4260F10}.Release|Any CPU.Deploy.0 = Release|Any CPU
		{168662E1-79B1-4D7F-91CC-6D05A4260F10}.Release|iPhone.ActiveCfg = Release|Any CPU
		{168662E1-79B1-4D7F-91CC-6D05A4260F10}.Release|iPhone.Build.0 = Release|Any CPU
		{168662E1-79B1-4D7F-91CC-6D05A4260F10}.Release|iPhone.Deploy.0 = Release|Any CPU
		{168662E1-79B1-4D7F-91CC-6D05A4260F10}.Release|iPhoneSimulator.ActiveCfg = Release|Any CPU
		{168662E1-79B1-4D7F-91CC-6D05A4260F10}.Release|iPhoneSimulator.Build.0 = Release|Any CPU
		{168662E1-79B1-4D7F-91CC-6D05A4260F10}.Release|iPhoneSimulator.Deploy.0 = Release|Any CPU
		{37B616ED-0991-46A5-B883-140FA05CC2C7}.Debug|Any CPU.ActiveCfg = Debug|iPhone
		{37B616ED-0991-46A5-B883-140FA05CC2C7}.Debug|iPhone.ActiveCfg = Debug|iPhone
		{37B616ED-0991-46A5-B883-140FA05CC2C7}.Debug|iPhone.Build.0 = Debug|iPhone
		{37B616ED-0991-46A5-B883-140FA05CC2C7}.Debug|iPhoneSimulator.ActiveCfg = Debug|iPhoneSimulator
		{37B616ED-0991-46A5-B883-140FA05CC2C7}.Debug|iPhoneSimulator.Build.0 = Debug|iPhoneSimulator
		{37B616ED-0991-46A5-B883-140FA05CC2C7}.Release|Any CPU.ActiveCfg = Release|iPhone
		{37B616ED-0991-46A5-B883-140FA05CC2C7}.Release|iPhone.ActiveCfg = Release|iPhone
		{37B616ED-0991-46A5-B883-140FA05CC2C7}.Release|iPhone.Build.0 = Release|iPhone
		{37B616ED-0991-46A5-B883-140FA05CC2C7}.Release|iPhoneSimulator.ActiveCfg = Release|iPhoneSimulator
		{37B616ED-0991-46A5-B883-140FA05CC2C7}.Release|iPhoneSimulator.Build.0 = Release|iPhoneSimulator
		{7F9A97EA-6823-4E2B-807C-A0F7D9CBA66C}.Debug|Any CPU.ActiveCfg = Debug|Any CPU
		{7F9A97EA-6823-4E2B-807C-A0F7D9CBA66C}.Debug|Any CPU.Build.0 = Debug|Any CPU
		{7F9A97EA-6823-4E2B-807C-A0F7D9CBA66C}.Debug|iPhone.ActiveCfg = Debug|Any CPU
		{7F9A97EA-6823-4E2B-807C-A0F7D9CBA66C}.Debug|iPhone.Build.0 = Debug|Any CPU
		{7F9A97EA-6823-4E2B-807C-A0F7D9CBA66C}.Debug|iPhoneSimulator.ActiveCfg = Debug|Any CPU
		{7F9A97EA-6823-4E2B-807C-A0F7D9CBA66C}.Debug|iPhoneSimulator.Build.0 = Debug|Any CPU
		{7F9A97EA-6823-4E2B-807C-A0F7D9CBA66C}.Release|Any CPU.ActiveCfg = Release|Any CPU
		{7F9A97EA-6823-4E2B-807C-A0F7D9CBA66C}.Release|Any CPU.Build.0 = Release|Any CPU
		{7F9A97EA-6823-4E2B-807C-A0F7D9CBA66C}.Release|iPhone.ActiveCfg = Release|Any CPU
		{7F9A97EA-6823-4E2B-807C-A0F7D9CBA66C}.Release|iPhone.Build.0 = Release|Any CPU
		{7F9A97EA-6823-4E2B-807C-A0F7D9CBA66C}.Release|iPhoneSimulator.ActiveCfg = Release|Any CPU
		{7F9A97EA-6823-4E2B-807C-A0F7D9CBA66C}.Release|iPhoneSimulator.Build.0 = Release|Any CPU
		{FC6D0E3B-0FCA-4A04-81A6-D8CAE99D580E}.Debug|Any CPU.ActiveCfg = Debug|Any CPU
		{FC6D0E3B-0FCA-4A04-81A6-D8CAE99D580E}.Debug|Any CPU.Build.0 = Debug|Any CPU
		{FC6D0E3B-0FCA-4A04-81A6-D8CAE99D580E}.Debug|iPhone.ActiveCfg = Debug|Any CPU
		{FC6D0E3B-0FCA-4A04-81A6-D8CAE99D580E}.Debug|iPhone.Build.0 = Debug|Any CPU
		{FC6D0E3B-0FCA-4A04-81A6-D8CAE99D580E}.Debug|iPhoneSimulator.ActiveCfg = Debug|Any CPU
		{FC6D0E3B-0FCA-4A04-81A6-D8CAE99D580E}.Debug|iPhoneSimulator.Build.0 = Debug|Any CPU
		{FC6D0E3B-0FCA-4A04-81A6-D8CAE99D580E}.Release|Any CPU.ActiveCfg = Release|Any CPU
		{FC6D0E3B-0FCA-4A04-81A6-D8CAE99D580E}.Release|Any CPU.Build.0 = Release|Any CPU
		{FC6D0E3B-0FCA-4A04-81A6-D8CAE99D580E}.Release|iPhone.ActiveCfg = Release|Any CPU
		{FC6D0E3B-0FCA-4A04-81A6-D8CAE99D580E}.Release|iPhone.Build.0 = Release|Any CPU
		{FC6D0E3B-0FCA-4A04-81A6-D8CAE99D580E}.Release|iPhoneSimulator.ActiveCfg = Release|Any CPU
		{FC6D0E3B-0FCA-4A04-81A6-D8CAE99D580E}.Release|iPhoneSimulator.Build.0 = Release|Any CPU
		{D0B9EEE3-3EAB-45E2-BA20-C2554340211F}.Debug|Any CPU.ActiveCfg = Debug|Any CPU
		{D0B9EEE3-3EAB-45E2-BA20-C2554340211F}.Debug|Any CPU.Build.0 = Debug|Any CPU
		{D0B9EEE3-3EAB-45E2-BA20-C2554340211F}.Debug|iPhone.ActiveCfg = Debug|Any CPU
		{D0B9EEE3-3EAB-45E2-BA20-C2554340211F}.Debug|iPhone.Build.0 = Debug|Any CPU
		{D0B9EEE3-3EAB-45E2-BA20-C2554340211F}.Debug|iPhoneSimulator.ActiveCfg = Debug|Any CPU
		{D0B9EEE3-3EAB-45E2-BA20-C2554340211F}.Debug|iPhoneSimulator.Build.0 = Debug|Any CPU
		{D0B9EEE3-3EAB-45E2-BA20-C2554340211F}.Release|Any CPU.ActiveCfg = Release|Any CPU
		{D0B9EEE3-3EAB-45E2-BA20-C2554340211F}.Release|Any CPU.Build.0 = Release|Any CPU
		{D0B9EEE3-3EAB-45E2-BA20-C2554340211F}.Release|iPhone.ActiveCfg = Release|Any CPU
		{D0B9EEE3-3EAB-45E2-BA20-C2554340211F}.Release|iPhone.Build.0 = Release|Any CPU
		{D0B9EEE3-3EAB-45E2-BA20-C2554340211F}.Release|iPhoneSimulator.ActiveCfg = Release|Any CPU
		{D0B9EEE3-3EAB-45E2-BA20-C2554340211F}.Release|iPhoneSimulator.Build.0 = Release|Any CPU
		{DA0623BA-F1F7-4FEF-AE92-5017D2CFB68F}.Debug|Any CPU.ActiveCfg = Debug|Any CPU
		{DA0623BA-F1F7-4FEF-AE92-5017D2CFB68F}.Debug|Any CPU.Build.0 = Debug|Any CPU
		{DA0623BA-F1F7-4FEF-AE92-5017D2CFB68F}.Debug|iPhone.ActiveCfg = Debug|Any CPU
		{DA0623BA-F1F7-4FEF-AE92-5017D2CFB68F}.Debug|iPhone.Build.0 = Debug|Any CPU
		{DA0623BA-F1F7-4FEF-AE92-5017D2CFB68F}.Debug|iPhoneSimulator.ActiveCfg = Debug|Any CPU
		{DA0623BA-F1F7-4FEF-AE92-5017D2CFB68F}.Debug|iPhoneSimulator.Build.0 = Debug|Any CPU
		{DA0623BA-F1F7-4FEF-AE92-5017D2CFB68F}.Release|Any CPU.ActiveCfg = Release|Any CPU
		{DA0623BA-F1F7-4FEF-AE92-5017D2CFB68F}.Release|Any CPU.Build.0 = Release|Any CPU
		{DA0623BA-F1F7-4FEF-AE92-5017D2CFB68F}.Release|iPhone.ActiveCfg = Release|Any CPU
		{DA0623BA-F1F7-4FEF-AE92-5017D2CFB68F}.Release|iPhone.Build.0 = Release|Any CPU
		{DA0623BA-F1F7-4FEF-AE92-5017D2CFB68F}.Release|iPhoneSimulator.ActiveCfg = Release|Any CPU
		{DA0623BA-F1F7-4FEF-AE92-5017D2CFB68F}.Release|iPhoneSimulator.Build.0 = Release|Any CPU
	EndGlobalSection
	GlobalSection(SolutionProperties) = preSolution
		HideSolutionNode = FALSE
	EndGlobalSection
	GlobalSection(NestedProjects) = preSolution
		{968DD165-0D89-4663-80DA-104037218C2F} = {F39E3CC3-CFCF-4A55-B5C9-B8A3EDD8FFA2}
		{168662E1-79B1-4D7F-91CC-6D05A4260F10} = {7A4273B1-2DD4-45BE-8556-9422C168709F}
		{37B616ED-0991-46A5-B883-140FA05CC2C7} = {7A4273B1-2DD4-45BE-8556-9422C168709F}
		{7F9A97EA-6823-4E2B-807C-A0F7D9CBA66C} = {7A4273B1-2DD4-45BE-8556-9422C168709F}
		{FC6D0E3B-0FCA-4A04-81A6-D8CAE99D580E} = {C7948C2C-9818-4097-8AE7-9CAC4391A6CE}
		{D0B9EEE3-3EAB-45E2-BA20-C2554340211F} = {C7948C2C-9818-4097-8AE7-9CAC4391A6CE}
		{DA0623BA-F1F7-4FEF-AE92-5017D2CFB68F} = {C7948C2C-9818-4097-8AE7-9CAC4391A6CE}
	EndGlobalSection
	GlobalSection(ExtensibilityGlobals) = postSolution
		SolutionGuid = {13E736C9-FC31-4D1E-BC4B-AE7A9A26DE7E}
	EndGlobalSection
EndGlobal
